
Microsoft Visual Studio Solution File, Format Version 12.00
# Visual Studio Version 17
VisualStudioVersion = 17.0.31919.166
MinimumVisualStudioVersion = 10.0.40219.1
Project("{FAE04EC0-301F-11D3-BF4B-00C04F79EFBC}") = "NowPlaying", "NowPlaying\NowPlaying.csproj", "{94FD9DC1-9E30-4ADD-B5D3-D559D3090C00}"
EndProject
Global
	GlobalSection(SolutionConfigurationPlatforms) = preSolution
		Debug|Any CPU = Debug|Any CPU
		Release|Any CPU = Release|Any CPU
	EndGlobalSection
	GlobalSection(ProjectConfigurationPlatforms) = postSolution
		{94FD9DC1-9E30-4ADD-B5D3-D559D3090C00}.Debug|Any CPU.ActiveCfg = Debug|Any CPU
		{94FD9DC1-9E30-4ADD-B5D3-D559D3090C00}.Debug|Any CPU.Build.0 = Debug|Any CPU
		{94FD9DC1-9E30-4ADD-B5D3-D559D3090C00}.Release|Any CPU.ActiveCfg = Release|Any CPU
		{94FD9DC1-9E30-4ADD-B5D3-D559D3090C00}.Release|Any CPU.Build.0 = Release|Any CPU
	EndGlobalSection
	GlobalSection(SolutionProperties) = preSolution
		HideSolutionNode = FALSE
	EndGlobalSection
	GlobalSection(ExtensibilityGlobals) = postSolution
		SolutionGuid = {3B052280-3764-4F22-ABA5-C7095F5D96B4}
	EndGlobalSection
EndGlobal
